
Microsoft Visual Studio Solution File, Format Version 12.00
# Visual Studio Version 17
VisualStudioVersion = 17.11.35327.3
MinimumVisualStudioVersion = 10.0.40219.1
Project("{2150E333-8FDC-42A3-9474-1A3956D46DE8}") = "Task0", "Task0", "{F2278C32-55C6-4209-BA0D-441B55B2AD04}"
EndProject
Project("{FAE04EC0-301F-11D3-BF4B-00C04F79EFBC}") = "Tyuiu.ShanginAA.Sprint6.Task0.V4.Lib", "Tyuiu.ShanginAA.Sprint6.Task0.V4.Lib\Tyuiu.ShanginAA.Sprint6.Task0.V4.Lib.csproj", "{9EC26D6E-3ABC-45BD-B608-DB370B9E29D5}"
EndProject
Project("{FAE04EC0-301F-11D3-BF4B-00C04F79EFBC}") = "Tyuiu.ShanginAA.Sprint6.Task0.V4.Test", "Tyuiu.ShanginAA.Sprint6.Task0.V4.Test\Tyuiu.ShanginAA.Sprint6.Task0.V4.Test.csproj", "{0A8DCF34-4F8D-4CE8-AA7D-423D07C3595E}"
EndProject
Project("{FAE04EC0-301F-11D3-BF4B-00C04F79EFBC}") = "Tyuiu.ShanginAA.Sprint6.Task0.V4", "Tyuiu.ShanginAA.Sprint6.Task0.V4\Tyuiu.ShanginAA.Sprint6.Task0.V4.csproj", "{E25EDAE5-7023-4A48-AEE0-38BF801AB9FB}"
EndProject
Project("{2150E333-8FDC-42A3-9474-1A3956D46DE8}") = "Task1", "Task1", "{079A8163-30A1-430E-98A0-4476A1CD92E8}"
EndProject
Project("{FAE04EC0-301F-11D3-BF4B-00C04F79EFBC}") = "Tyuiu.ShanginAA.Sprint6.Task1.V15.Lib", "Tyuiu.ShanginAA.Sprint6.Task1.V15.Lib\Tyuiu.ShanginAA.Sprint6.Task1.V15.Lib.csproj", "{38DBCCD2-FF97-4B46-A6A0-668AA58B8437}"
EndProject
Project("{FAE04EC0-301F-11D3-BF4B-00C04F79EFBC}") = "Tyuiu.ShanginAA.Sprint6.Task1.V15.Test", "Tyuiu.ShanginAA.Sprint6.Task1.V15.Test\Tyuiu.ShanginAA.Sprint6.Task1.V15.Test.csproj", "{B484A22C-E823-46E3-935F-1F759FB5801E}"
EndProject
Project("{FAE04EC0-301F-11D3-BF4B-00C04F79EFBC}") = "Tyuiu.ShanginAA.Sprint6.Task1.V15", "Tyuiu.ShanginAA.Sprint6.Task1.V15\Tyuiu.ShanginAA.Sprint6.Task1.V15.csproj", "{DC9A9FBF-B24A-4111-99FB-4D4405CE3EEF}"
EndProject
Project("{2150E333-8FDC-42A3-9474-1A3956D46DE8}") = "Task4", "Task4", "{8F162B97-1B4F-4153-AEA0-E6F4DB7A99B0}"
EndProject
Project("{FAE04EC0-301F-11D3-BF4B-00C04F79EFBC}") = "Tyuiu.ShanginAA.Sprint6.Task4.V2.Lib", "Tyuiu.ShanginAA.Sprint6.Task4.V2.Lib\Tyuiu.ShanginAA.Sprint6.Task4.V2.Lib.csproj", "{11C7D68B-8319-4E2B-9CA7-20B110D0E273}"
EndProject
Project("{FAE04EC0-301F-11D3-BF4B-00C04F79EFBC}") = "Tyuiu.ShanginAA.Sprint6.Task4.V2.Test", "Tyuiu.ShanginAA.Sprint6.Task4.V2.Test\Tyuiu.ShanginAA.Sprint6.Task4.V2.Test.csproj", "{49A409FB-30F8-4A18-91D3-9255C5C487A7}"
EndProject
Project("{FAE04EC0-301F-11D3-BF4B-00C04F79EFBC}") = "Tyuiu.ShanginAA.Sprint6.Task4.V2", "Tyuiu.ShanginAA.Sprint6.Task4.V2\Tyuiu.ShanginAA.Sprint6.Task4.V2.csproj", "{AEE5C2A3-EE65-42B7-AF96-7ACF4193CA8A}"
EndProject
Global
	GlobalSection(SolutionConfigurationPlatforms) = preSolution
		Debug|Any CPU = Debug|Any CPU
		Release|Any CPU = Release|Any CPU
	EndGlobalSection
	GlobalSection(ProjectConfigurationPlatforms) = postSolution
		{9EC26D6E-3ABC-45BD-B608-DB370B9E29D5}.Debug|Any CPU.ActiveCfg = Debug|Any CPU
		{9EC26D6E-3ABC-45BD-B608-DB370B9E29D5}.Debug|Any CPU.Build.0 = Debug|Any CPU
		{9EC26D6E-3ABC-45BD-B608-DB370B9E29D5}.Release|Any CPU.ActiveCfg = Release|Any CPU
		{9EC26D6E-3ABC-45BD-B608-DB370B9E29D5}.Release|Any CPU.Build.0 = Release|Any CPU
		{0A8DCF34-4F8D-4CE8-AA7D-423D07C3595E}.Debug|Any CPU.ActiveCfg = Debug|Any CPU
		{0A8DCF34-4F8D-4CE8-AA7D-423D07C3595E}.Debug|Any CPU.Build.0 = Debug|Any CPU
		{0A8DCF34-4F8D-4CE8-AA7D-423D07C3595E}.Release|Any CPU.ActiveCfg = Release|Any CPU
		{0A8DCF34-4F8D-4CE8-AA7D-423D07C3595E}.Release|Any CPU.Build.0 = Release|Any CPU
		{E25EDAE5-7023-4A48-AEE0-38BF801AB9FB}.Debug|Any CPU.ActiveCfg = Debug|Any CPU
		{E25EDAE5-7023-4A48-AEE0-38BF801AB9FB}.Debug|Any CPU.Build.0 = Debug|Any CPU
		{E25EDAE5-7023-4A48-AEE0-38BF801AB9FB}.Release|Any CPU.ActiveCfg = Release|Any CPU
		{E25EDAE5-7023-4A48-AEE0-38BF801AB9FB}.Release|Any CPU.Build.0 = Release|Any CPU
		{38DBCCD2-FF97-4B46-A6A0-668AA58B8437}.Debug|Any CPU.ActiveCfg = Debug|Any CPU
		{38DBCCD2-FF97-4B46-A6A0-668AA58B8437}.Debug|Any CPU.Build.0 = Debug|Any CPU
		{38DBCCD2-FF97-4B46-A6A0-668AA58B8437}.Release|Any CPU.ActiveCfg = Release|Any CPU
		{38DBCCD2-FF97-4B46-A6A0-668AA58B8437}.Release|Any CPU.Build.0 = Release|Any CPU
		{B484A22C-E823-46E3-935F-1F759FB5801E}.Debug|Any CPU.ActiveCfg = Debug|Any CPU
		{B484A22C-E823-46E3-935F-1F759FB5801E}.Debug|Any CPU.Build.0 = Debug|Any CPU
		{B484A22C-E823-46E3-935F-1F759FB5801E}.Release|Any CPU.ActiveCfg = Release|Any CPU
		{B484A22C-E823-46E3-935F-1F759FB5801E}.Release|Any CPU.Build.0 = Release|Any CPU
		{DC9A9FBF-B24A-4111-99FB-4D4405CE3EEF}.Debug|Any CPU.ActiveCfg = Debug|Any CPU
		{DC9A9FBF-B24A-4111-99FB-4D4405CE3EEF}.Debug|Any CPU.Build.0 = Debug|Any CPU
		{DC9A9FBF-B24A-4111-99FB-4D4405CE3EEF}.Release|Any CPU.ActiveCfg = Release|Any CPU
		{DC9A9FBF-B24A-4111-99FB-4D4405CE3EEF}.Release|Any CPU.Build.0 = Release|Any CPU
		{11C7D68B-8319-4E2B-9CA7-20B110D0E273}.Debug|Any CPU.ActiveCfg = Debug|Any CPU
		{11C7D68B-8319-4E2B-9CA7-20B110D0E273}.Debug|Any CPU.Build.0 = Debug|Any CPU
		{11C7D68B-8319-4E2B-9CA7-20B110D0E273}.Release|Any CPU.ActiveCfg = Release|Any CPU
		{11C7D68B-8319-4E2B-9CA7-20B110D0E273}.Release|Any CPU.Build.0 = Release|Any CPU
		{49A409FB-30F8-4A18-91D3-9255C5C487A7}.Debug|Any CPU.ActiveCfg = Debug|Any CPU
		{49A409FB-30F8-4A18-91D3-9255C5C487A7}.Debug|Any CPU.Build.0 = Debug|Any CPU
		{49A409FB-30F8-4A18-91D3-9255C5C487A7}.Release|Any CPU.ActiveCfg = Release|Any CPU
		{49A409FB-30F8-4A18-91D3-9255C5C487A7}.Release|Any CPU.Build.0 = Release|Any CPU
		{AEE5C2A3-EE65-42B7-AF96-7ACF4193CA8A}.Debug|Any CPU.ActiveCfg = Debug|Any CPU
		{AEE5C2A3-EE65-42B7-AF96-7ACF4193CA8A}.Debug|Any CPU.Build.0 = Debug|Any CPU
		{AEE5C2A3-EE65-42B7-AF96-7ACF4193CA8A}.Release|Any CPU.ActiveCfg = Release|Any CPU
		{AEE5C2A3-EE65-42B7-AF96-7ACF4193CA8A}.Release|Any CPU.Build.0 = Release|Any CPU
	EndGlobalSection
	GlobalSection(SolutionProperties) = preSolution
		HideSolutionNode = FALSE
	EndGlobalSection
	GlobalSection(NestedProjects) = preSolution
		{9EC26D6E-3ABC-45BD-B608-DB370B9E29D5} = {F2278C32-55C6-4209-BA0D-441B55B2AD04}
		{0A8DCF34-4F8D-4CE8-AA7D-423D07C3595E} = {F2278C32-55C6-4209-BA0D-441B55B2AD04}
		{E25EDAE5-7023-4A48-AEE0-38BF801AB9FB} = {F2278C32-55C6-4209-BA0D-441B55B2AD04}
		{38DBCCD2-FF97-4B46-A6A0-668AA58B8437} = {079A8163-30A1-430E-98A0-4476A1CD92E8}
		{B484A22C-E823-46E3-935F-1F759FB5801E} = {079A8163-30A1-430E-98A0-4476A1CD92E8}
		{DC9A9FBF-B24A-4111-99FB-4D4405CE3EEF} = {079A8163-30A1-430E-98A0-4476A1CD92E8}
		{11C7D68B-8319-4E2B-9CA7-20B110D0E273} = {8F162B97-1B4F-4153-AEA0-E6F4DB7A99B0}
		{49A409FB-30F8-4A18-91D3-9255C5C487A7} = {8F162B97-1B4F-4153-AEA0-E6F4DB7A99B0}
		{AEE5C2A3-EE65-42B7-AF96-7ACF4193CA8A} = {8F162B97-1B4F-4153-AEA0-E6F4DB7A99B0}
	EndGlobalSection
	GlobalSection(ExtensibilityGlobals) = postSolution
		SolutionGuid = {7B371C25-02C9-4B7C-8529-D599C10AF438}
	EndGlobalSection
EndGlobal
