
Microsoft Visual Studio Solution File, Format Version 12.00
# Visual Studio Version 17
VisualStudioVersion = 17.11.35327.3
MinimumVisualStudioVersion = 10.0.40219.1
Project("{2150E333-8FDC-42A3-9474-1A3956D46DE8}") = "Task0", "Task0", "{F2278C32-55C6-4209-BA0D-441B55B2AD04}"
EndProject
Project("{FAE04EC0-301F-11D3-BF4B-00C04F79EFBC}") = "Tyuiu.ShanginAA.Sprint6.Task0.V4.Lib", "Tyuiu.ShanginAA.Sprint6.Task0.V4.Lib\Tyuiu.ShanginAA.Sprint6.Task0.V4.Lib.csproj", "{9EC26D6E-3ABC-45BD-B608-DB370B9E29D5}"
EndProject
Project("{FAE04EC0-301F-11D3-BF4B-00C04F79EFBC}") = "Tyuiu.ShanginAA.Sprint6.Task0.V4.Test", "Tyuiu.ShanginAA.Sprint6.Task0.V4.Test\Tyuiu.ShanginAA.Sprint6.Task0.V4.Test.csproj", "{0A8DCF34-4F8D-4CE8-AA7D-423D07C3595E}"
EndProject
Project("{FAE04EC0-301F-11D3-BF4B-00C04F79EFBC}") = "Tyuiu.ShanginAA.Sprint6.Task0.V4", "Tyuiu.ShanginAA.Sprint6.Task0.V4\Tyuiu.ShanginAA.Sprint6.Task0.V4.csproj", "{E25EDAE5-7023-4A48-AEE0-38BF801AB9FB}"
EndProject
Project("{2150E333-8FDC-42A3-9474-1A3956D46DE8}") = "Task1", "Task1", "{079A8163-30A1-430E-98A0-4476A1CD92E8}"
EndProject
Project("{FAE04EC0-301F-11D3-BF4B-00C04F79EFBC}") = "Tyuiu.ShanginAA.Sprint6.Task1.V15.Lib", "Tyuiu.ShanginAA.Sprint6.Task1.V15.Lib\Tyuiu.ShanginAA.Sprint6.Task1.V15.Lib.csproj", "{38DBCCD2-FF97-4B46-A6A0-668AA58B8437}"
EndProject
Project("{FAE04EC0-301F-11D3-BF4B-00C04F79EFBC}") = "Tyuiu.ShanginAA.Sprint6.Task1.V15.Test", "Tyuiu.ShanginAA.Sprint6.Task1.V15.Test\Tyuiu.ShanginAA.Sprint6.Task1.V15.Test.csproj", "{B484A22C-E823-46E3-935F-1F759FB5801E}"
EndProject
Project("{FAE04EC0-301F-11D3-BF4B-00C04F79EFBC}") = "Tyuiu.ShanginAA.Sprint6.Task1.V15", "Tyuiu.ShanginAA.Sprint6.Task1.V15\Tyuiu.ShanginAA.Sprint6.Task1.V15.csproj", "{DC9A9FBF-B24A-4111-99FB-4D4405CE3EEF}"
EndProject
Project("{2150E333-8FDC-42A3-9474-1A3956D46DE8}") = "Task4", "Task4", "{8F162B97-1B4F-4153-AEA0-E6F4DB7A99B0}"
EndProject
Project("{FAE04EC0-301F-11D3-BF4B-00C04F79EFBC}") = "Tyuiu.ShanginAA.Sprint6.Task4.V2.Lib", "Tyuiu.ShanginAA.Sprint6.Task4.V2.Lib\Tyuiu.ShanginAA.Sprint6.Task4.V2.Lib.csproj", "{11C7D68B-8319-4E2B-9CA7-20B110D0E273}"
EndProject
Project("{FAE04EC0-301F-11D3-BF4B-00C04F79EFBC}") = "Tyuiu.ShanginAA.Sprint6.Task4.V2.Test", "Tyuiu.ShanginAA.Sprint6.Task4.V2.Test\Tyuiu.ShanginAA.Sprint6.Task4.V2.Test.csproj", "{49A409FB-30F8-4A18-91D3-9255C5C487A7}"
EndProject
Project("{FAE04EC0-301F-11D3-BF4B-00C04F79EFBC}") = "Tyuiu.ShanginAA.Sprint6.Task4.V2", "Tyuiu.ShanginAA.Sprint6.Task4.V2\Tyuiu.ShanginAA.Sprint6.Task4.V2.csproj", "{AEE5C2A3-EE65-42B7-AF96-7ACF4193CA8A}"
EndProject
Project("{2150E333-8FDC-42A3-9474-1A3956D46DE8}") = "Task2", "Task2", "{352E1C61-219C-44DF-B7FC-D8078690662F}"
EndProject
Project("{FAE04EC0-301F-11D3-BF4B-00C04F79EFBC}") = "Tyuiu.ShanginAA.Sprint6.Task2.V5.Lib", "Tyuiu.ShanginAA.Sprint6.Task2.V5.Lib\Tyuiu.ShanginAA.Sprint6.Task2.V5.Lib.csproj", "{CC97EE8A-BAA4-4D6E-833D-20B8DC0C84A4}"
EndProject
Project("{FAE04EC0-301F-11D3-BF4B-00C04F79EFBC}") = "Tyuiu.ShanginAA.Sprint6.Task2.V5.Test", "Tyuiu.ShanginAA.Sprint6.Task2.V5.Test\Tyuiu.ShanginAA.Sprint6.Task2.V5.Test.csproj", "{C39FC844-280A-4B90-A081-C207C5B60F70}"
EndProject
Project("{FAE04EC0-301F-11D3-BF4B-00C04F79EFBC}") = "Tyuiu.ShanginAA.Sprint6.Task2.V5", "Tyuiu.ShanginAA.Sprint6.Task2.V5\Tyuiu.ShanginAA.Sprint6.Task2.V5.csproj", "{AC09BAA5-3AB0-4265-85D3-CB01376787C8}"
EndProject
Project("{2150E333-8FDC-42A3-9474-1A3956D46DE8}") = "Task3", "Task3", "{DCB503DC-3754-4748-938A-F7D27876748F}"
EndProject
Project("{2150E333-8FDC-42A3-9474-1A3956D46DE8}") = "Task5", "Task5", "{7CCACA03-D91D-4831-9D0B-D82AB26E093F}"
EndProject
Project("{2150E333-8FDC-42A3-9474-1A3956D46DE8}") = "Task6", "Task6", "{B965DD86-EF77-4B7D-A0E9-96267AF21C95}"
EndProject
Project("{2150E333-8FDC-42A3-9474-1A3956D46DE8}") = "Task7", "Task7", "{0B0C1BDD-D76A-4DBD-A81C-0367D1371683}"
EndProject
Project("{FAE04EC0-301F-11D3-BF4B-00C04F79EFBC}") = "Tyuiu.ShanginAA.Sprint6.Task3.V13.Lib", "Tyuiu.ShanginAA.Sprint6.Task3.V13.Lib\Tyuiu.ShanginAA.Sprint6.Task3.V13.Lib.csproj", "{94C1CC97-6B52-4465-8057-F232A91F0889}"
EndProject
Project("{FAE04EC0-301F-11D3-BF4B-00C04F79EFBC}") = "Tyuiu.ShanginAA.Sprint6.Task3.V13.Test", "Tyuiu.ShanginAA.Sprint6.Task3.V13.Test\Tyuiu.ShanginAA.Sprint6.Task3.V13.Test.csproj", "{F77D8FE4-0951-4082-B2E0-EB0B48D2DAEF}"
EndProject
Project("{FAE04EC0-301F-11D3-BF4B-00C04F79EFBC}") = "Tyuiu.ShanginAA.Sprint6.Task3.V13", "Tyuiu.ShanginAA.Sprint6.Task3.V13\Tyuiu.ShanginAA.Sprint6.Task3.V13.csproj", "{23D0D19F-5C6C-4229-AAF0-34939D618485}"
EndProject
Project("{FAE04EC0-301F-11D3-BF4B-00C04F79EFBC}") = "Tyuiu.ShanginAA.Sprint6.Task5.V12.Lib", "Tyuiu.ShanginAA.Sprint6.Task5.V12.Lib\Tyuiu.ShanginAA.Sprint6.Task5.V12.Lib.csproj", "{A858F8E7-0776-42AF-AF79-B65D3AC4D539}"
EndProject
Project("{FAE04EC0-301F-11D3-BF4B-00C04F79EFBC}") = "Tyuiu.ShanginAA.Sprint6.Task5.V12.Test", "Tyuiu.ShanginAA.Sprint6.Task5.V12.Test\Tyuiu.ShanginAA.Sprint6.Task5.V12.Test.csproj", "{92D4DAC4-6D8F-4549-A46C-1E4A7BB01284}"
EndProject
Project("{FAE04EC0-301F-11D3-BF4B-00C04F79EFBC}") = "Tyuiu.ShanginAA.Sprint6.Task5.V12", "Tyuiu.ShanginAA.Sprint6.Task5.V12\Tyuiu.ShanginAA.Sprint6.Task5.V12.csproj", "{11F48737-1A34-4782-93BA-8E7FCF2D1A7F}"
EndProject
Project("{FAE04EC0-301F-11D3-BF4B-00C04F79EFBC}") = "Tyuiu.ShanginAA.Sprint6.Task6.V26.Lib", "Tyuiu.ShanginAA.Sprint6.Task6.V26.Lib\Tyuiu.ShanginAA.Sprint6.Task6.V26.Lib.csproj", "{58C1416F-5984-43F5-ABD5-007716AA8863}"
EndProject
Project("{FAE04EC0-301F-11D3-BF4B-00C04F79EFBC}") = "Tyuiu.ShanginAA.Sprint6.Task6.V26.Test", "Tyuiu.ShanginAA.Sprint6.Task6.V26.Test\Tyuiu.ShanginAA.Sprint6.Task6.V26.Test.csproj", "{B81C1E13-2066-4EA6-A030-D2A196889A3D}"
EndProject
Project("{FAE04EC0-301F-11D3-BF4B-00C04F79EFBC}") = "Tyuiu.ShanginAA.Sprint6.Task6.V26", "Tyuiu.ShanginAA.Sprint6.Task6.V26\Tyuiu.ShanginAA.Sprint6.Task6.V26.csproj", "{72BCB094-612D-499E-AF27-3802BB5EB8A9}"
EndProject
Project("{FAE04EC0-301F-11D3-BF4B-00C04F79EFBC}") = "Tyuiu.ShanginAA.Sprint6.Task7.V28.Lib", "Tyuiu.ShanginAA.Sprint6.Task7.V28.Lib\Tyuiu.ShanginAA.Sprint6.Task7.V28.Lib.csproj", "{DB13100D-137E-41FA-9F14-AD420D1FF476}"
EndProject
Project("{FAE04EC0-301F-11D3-BF4B-00C04F79EFBC}") = "Tyuiu.ShanginAA.Sprint6.Task7.V28.Test", "Tyuiu.ShanginAA.Sprint6.Task7.V28.Test\Tyuiu.ShanginAA.Sprint6.Task7.V28.Test.csproj", "{BDC01CD9-C17F-4DC6-A6DC-1FFBD5C8A03D}"
EndProject
Project("{FAE04EC0-301F-11D3-BF4B-00C04F79EFBC}") = "Tyuiu.ShanginAA.Sprint6.Task7.V28", "Tyuiu.ShanginAA.Sprint6.Task7.V28\Tyuiu.ShanginAA.Sprint6.Task7.V28.csproj", "{8E203596-D96B-44AC-B1EA-AB1A877CCEEC}"
EndProject
Global
	GlobalSection(SolutionConfigurationPlatforms) = preSolution
		Debug|Any CPU = Debug|Any CPU
		Release|Any CPU = Release|Any CPU
	EndGlobalSection
	GlobalSection(ProjectConfigurationPlatforms) = postSolution
		{9EC26D6E-3ABC-45BD-B608-DB370B9E29D5}.Debug|Any CPU.ActiveCfg = Debug|Any CPU
		{9EC26D6E-3ABC-45BD-B608-DB370B9E29D5}.Debug|Any CPU.Build.0 = Debug|Any CPU
		{9EC26D6E-3ABC-45BD-B608-DB370B9E29D5}.Release|Any CPU.ActiveCfg = Release|Any CPU
		{9EC26D6E-3ABC-45BD-B608-DB370B9E29D5}.Release|Any CPU.Build.0 = Release|Any CPU
		{0A8DCF34-4F8D-4CE8-AA7D-423D07C3595E}.Debug|Any CPU.ActiveCfg = Debug|Any CPU
		{0A8DCF34-4F8D-4CE8-AA7D-423D07C3595E}.Debug|Any CPU.Build.0 = Debug|Any CPU
		{0A8DCF34-4F8D-4CE8-AA7D-423D07C3595E}.Release|Any CPU.ActiveCfg = Release|Any CPU
		{0A8DCF34-4F8D-4CE8-AA7D-423D07C3595E}.Release|Any CPU.Build.0 = Release|Any CPU
		{E25EDAE5-7023-4A48-AEE0-38BF801AB9FB}.Debug|Any CPU.ActiveCfg = Debug|Any CPU
		{E25EDAE5-7023-4A48-AEE0-38BF801AB9FB}.Debug|Any CPU.Build.0 = Debug|Any CPU
		{E25EDAE5-7023-4A48-AEE0-38BF801AB9FB}.Release|Any CPU.ActiveCfg = Release|Any CPU
		{E25EDAE5-7023-4A48-AEE0-38BF801AB9FB}.Release|Any CPU.Build.0 = Release|Any CPU
		{38DBCCD2-FF97-4B46-A6A0-668AA58B8437}.Debug|Any CPU.ActiveCfg = Debug|Any CPU
		{38DBCCD2-FF97-4B46-A6A0-668AA58B8437}.Debug|Any CPU.Build.0 = Debug|Any CPU
		{38DBCCD2-FF97-4B46-A6A0-668AA58B8437}.Release|Any CPU.ActiveCfg = Release|Any CPU
		{38DBCCD2-FF97-4B46-A6A0-668AA58B8437}.Release|Any CPU.Build.0 = Release|Any CPU
		{B484A22C-E823-46E3-935F-1F759FB5801E}.Debug|Any CPU.ActiveCfg = Debug|Any CPU
		{B484A22C-E823-46E3-935F-1F759FB5801E}.Debug|Any CPU.Build.0 = Debug|Any CPU
		{B484A22C-E823-46E3-935F-1F759FB5801E}.Release|Any CPU.ActiveCfg = Release|Any CPU
		{B484A22C-E823-46E3-935F-1F759FB5801E}.Release|Any CPU.Build.0 = Release|Any CPU
		{DC9A9FBF-B24A-4111-99FB-4D4405CE3EEF}.Debug|Any CPU.ActiveCfg = Debug|Any CPU
		{DC9A9FBF-B24A-4111-99FB-4D4405CE3EEF}.Debug|Any CPU.Build.0 = Debug|Any CPU
		{DC9A9FBF-B24A-4111-99FB-4D4405CE3EEF}.Release|Any CPU.ActiveCfg = Release|Any CPU
		{DC9A9FBF-B24A-4111-99FB-4D4405CE3EEF}.Release|Any CPU.Build.0 = Release|Any CPU
		{11C7D68B-8319-4E2B-9CA7-20B110D0E273}.Debug|Any CPU.ActiveCfg = Debug|Any CPU
		{11C7D68B-8319-4E2B-9CA7-20B110D0E273}.Debug|Any CPU.Build.0 = Debug|Any CPU
		{11C7D68B-8319-4E2B-9CA7-20B110D0E273}.Release|Any CPU.ActiveCfg = Release|Any CPU
		{11C7D68B-8319-4E2B-9CA7-20B110D0E273}.Release|Any CPU.Build.0 = Release|Any CPU
		{49A409FB-30F8-4A18-91D3-9255C5C487A7}.Debug|Any CPU.ActiveCfg = Debug|Any CPU
		{49A409FB-30F8-4A18-91D3-9255C5C487A7}.Debug|Any CPU.Build.0 = Debug|Any CPU
		{49A409FB-30F8-4A18-91D3-9255C5C487A7}.Release|Any CPU.ActiveCfg = Release|Any CPU
		{49A409FB-30F8-4A18-91D3-9255C5C487A7}.Release|Any CPU.Build.0 = Release|Any CPU
		{AEE5C2A3-EE65-42B7-AF96-7ACF4193CA8A}.Debug|Any CPU.ActiveCfg = Debug|Any CPU
		{AEE5C2A3-EE65-42B7-AF96-7ACF4193CA8A}.Debug|Any CPU.Build.0 = Debug|Any CPU
		{AEE5C2A3-EE65-42B7-AF96-7ACF4193CA8A}.Release|Any CPU.ActiveCfg = Release|Any CPU
		{AEE5C2A3-EE65-42B7-AF96-7ACF4193CA8A}.Release|Any CPU.Build.0 = Release|Any CPU
		{CC97EE8A-BAA4-4D6E-833D-20B8DC0C84A4}.Debug|Any CPU.ActiveCfg = Debug|Any CPU
		{CC97EE8A-BAA4-4D6E-833D-20B8DC0C84A4}.Debug|Any CPU.Build.0 = Debug|Any CPU
		{CC97EE8A-BAA4-4D6E-833D-20B8DC0C84A4}.Release|Any CPU.ActiveCfg = Release|Any CPU
		{CC97EE8A-BAA4-4D6E-833D-20B8DC0C84A4}.Release|Any CPU.Build.0 = Release|Any CPU
		{C39FC844-280A-4B90-A081-C207C5B60F70}.Debug|Any CPU.ActiveCfg = Debug|Any CPU
		{C39FC844-280A-4B90-A081-C207C5B60F70}.Debug|Any CPU.Build.0 = Debug|Any CPU
		{C39FC844-280A-4B90-A081-C207C5B60F70}.Release|Any CPU.ActiveCfg = Release|Any CPU
		{C39FC844-280A-4B90-A081-C207C5B60F70}.Release|Any CPU.Build.0 = Release|Any CPU
		{AC09BAA5-3AB0-4265-85D3-CB01376787C8}.Debug|Any CPU.ActiveCfg = Debug|Any CPU
		{AC09BAA5-3AB0-4265-85D3-CB01376787C8}.Debug|Any CPU.Build.0 = Debug|Any CPU
		{AC09BAA5-3AB0-4265-85D3-CB01376787C8}.Release|Any CPU.ActiveCfg = Release|Any CPU
		{AC09BAA5-3AB0-4265-85D3-CB01376787C8}.Release|Any CPU.Build.0 = Release|Any CPU
		{94C1CC97-6B52-4465-8057-F232A91F0889}.Debug|Any CPU.ActiveCfg = Debug|Any CPU
		{94C1CC97-6B52-4465-8057-F232A91F0889}.Debug|Any CPU.Build.0 = Debug|Any CPU
		{94C1CC97-6B52-4465-8057-F232A91F0889}.Release|Any CPU.ActiveCfg = Release|Any CPU
		{94C1CC97-6B52-4465-8057-F232A91F0889}.Release|Any CPU.Build.0 = Release|Any CPU
		{F77D8FE4-0951-4082-B2E0-EB0B48D2DAEF}.Debug|Any CPU.ActiveCfg = Debug|Any CPU
		{F77D8FE4-0951-4082-B2E0-EB0B48D2DAEF}.Debug|Any CPU.Build.0 = Debug|Any CPU
		{F77D8FE4-0951-4082-B2E0-EB0B48D2DAEF}.Release|Any CPU.ActiveCfg = Release|Any CPU
		{F77D8FE4-0951-4082-B2E0-EB0B48D2DAEF}.Release|Any CPU.Build.0 = Release|Any CPU
		{23D0D19F-5C6C-4229-AAF0-34939D618485}.Debug|Any CPU.ActiveCfg = Debug|Any CPU
		{23D0D19F-5C6C-4229-AAF0-34939D618485}.Debug|Any CPU.Build.0 = Debug|Any CPU
		{23D0D19F-5C6C-4229-AAF0-34939D618485}.Release|Any CPU.ActiveCfg = Release|Any CPU
		{23D0D19F-5C6C-4229-AAF0-34939D618485}.Release|Any CPU.Build.0 = Release|Any CPU
		{A858F8E7-0776-42AF-AF79-B65D3AC4D539}.Debug|Any CPU.ActiveCfg = Debug|Any CPU
		{A858F8E7-0776-42AF-AF79-B65D3AC4D539}.Debug|Any CPU.Build.0 = Debug|Any CPU
		{A858F8E7-0776-42AF-AF79-B65D3AC4D539}.Release|Any CPU.ActiveCfg = Release|Any CPU
		{A858F8E7-0776-42AF-AF79-B65D3AC4D539}.Release|Any CPU.Build.0 = Release|Any CPU
		{92D4DAC4-6D8F-4549-A46C-1E4A7BB01284}.Debug|Any CPU.ActiveCfg = Debug|Any CPU
		{92D4DAC4-6D8F-4549-A46C-1E4A7BB01284}.Debug|Any CPU.Build.0 = Debug|Any CPU
		{92D4DAC4-6D8F-4549-A46C-1E4A7BB01284}.Release|Any CPU.ActiveCfg = Release|Any CPU
		{92D4DAC4-6D8F-4549-A46C-1E4A7BB01284}.Release|Any CPU.Build.0 = Release|Any CPU
		{11F48737-1A34-4782-93BA-8E7FCF2D1A7F}.Debug|Any CPU.ActiveCfg = Debug|Any CPU
		{11F48737-1A34-4782-93BA-8E7FCF2D1A7F}.Debug|Any CPU.Build.0 = Debug|Any CPU
		{11F48737-1A34-4782-93BA-8E7FCF2D1A7F}.Release|Any CPU.ActiveCfg = Release|Any CPU
		{11F48737-1A34-4782-93BA-8E7FCF2D1A7F}.Release|Any CPU.Build.0 = Release|Any CPU
		{58C1416F-5984-43F5-ABD5-007716AA8863}.Debug|Any CPU.ActiveCfg = Debug|Any CPU
		{58C1416F-5984-43F5-ABD5-007716AA8863}.Debug|Any CPU.Build.0 = Debug|Any CPU
		{58C1416F-5984-43F5-ABD5-007716AA8863}.Release|Any CPU.ActiveCfg = Release|Any CPU
		{58C1416F-5984-43F5-ABD5-007716AA8863}.Release|Any CPU.Build.0 = Release|Any CPU
		{B81C1E13-2066-4EA6-A030-D2A196889A3D}.Debug|Any CPU.ActiveCfg = Debug|Any CPU
		{B81C1E13-2066-4EA6-A030-D2A196889A3D}.Debug|Any CPU.Build.0 = Debug|Any CPU
		{B81C1E13-2066-4EA6-A030-D2A196889A3D}.Release|Any CPU.ActiveCfg = Release|Any CPU
		{B81C1E13-2066-4EA6-A030-D2A196889A3D}.Release|Any CPU.Build.0 = Release|Any CPU
		{72BCB094-612D-499E-AF27-3802BB5EB8A9}.Debug|Any CPU.ActiveCfg = Debug|Any CPU
		{72BCB094-612D-499E-AF27-3802BB5EB8A9}.Debug|Any CPU.Build.0 = Debug|Any CPU
		{72BCB094-612D-499E-AF27-3802BB5EB8A9}.Release|Any CPU.ActiveCfg = Release|Any CPU
		{72BCB094-612D-499E-AF27-3802BB5EB8A9}.Release|Any CPU.Build.0 = Release|Any CPU
		{DB13100D-137E-41FA-9F14-AD420D1FF476}.Debug|Any CPU.ActiveCfg = Debug|Any CPU
		{DB13100D-137E-41FA-9F14-AD420D1FF476}.Debug|Any CPU.Build.0 = Debug|Any CPU
		{DB13100D-137E-41FA-9F14-AD420D1FF476}.Release|Any CPU.ActiveCfg = Release|Any CPU
		{DB13100D-137E-41FA-9F14-AD420D1FF476}.Release|Any CPU.Build.0 = Release|Any CPU
		{BDC01CD9-C17F-4DC6-A6DC-1FFBD5C8A03D}.Debug|Any CPU.ActiveCfg = Debug|Any CPU
		{BDC01CD9-C17F-4DC6-A6DC-1FFBD5C8A03D}.Debug|Any CPU.Build.0 = Debug|Any CPU
		{BDC01CD9-C17F-4DC6-A6DC-1FFBD5C8A03D}.Release|Any CPU.ActiveCfg = Release|Any CPU
		{BDC01CD9-C17F-4DC6-A6DC-1FFBD5C8A03D}.Release|Any CPU.Build.0 = Release|Any CPU
		{8E203596-D96B-44AC-B1EA-AB1A877CCEEC}.Debug|Any CPU.ActiveCfg = Debug|Any CPU
		{8E203596-D96B-44AC-B1EA-AB1A877CCEEC}.Debug|Any CPU.Build.0 = Debug|Any CPU
		{8E203596-D96B-44AC-B1EA-AB1A877CCEEC}.Release|Any CPU.ActiveCfg = Release|Any CPU
		{8E203596-D96B-44AC-B1EA-AB1A877CCEEC}.Release|Any CPU.Build.0 = Release|Any CPU
	EndGlobalSection
	GlobalSection(SolutionProperties) = preSolution
		HideSolutionNode = FALSE
	EndGlobalSection
	GlobalSection(NestedProjects) = preSolution
		{9EC26D6E-3ABC-45BD-B608-DB370B9E29D5} = {F2278C32-55C6-4209-BA0D-441B55B2AD04}
		{0A8DCF34-4F8D-4CE8-AA7D-423D07C3595E} = {F2278C32-55C6-4209-BA0D-441B55B2AD04}
		{E25EDAE5-7023-4A48-AEE0-38BF801AB9FB} = {F2278C32-55C6-4209-BA0D-441B55B2AD04}
		{38DBCCD2-FF97-4B46-A6A0-668AA58B8437} = {079A8163-30A1-430E-98A0-4476A1CD92E8}
		{B484A22C-E823-46E3-935F-1F759FB5801E} = {079A8163-30A1-430E-98A0-4476A1CD92E8}
		{DC9A9FBF-B24A-4111-99FB-4D4405CE3EEF} = {079A8163-30A1-430E-98A0-4476A1CD92E8}
		{11C7D68B-8319-4E2B-9CA7-20B110D0E273} = {8F162B97-1B4F-4153-AEA0-E6F4DB7A99B0}
		{49A409FB-30F8-4A18-91D3-9255C5C487A7} = {8F162B97-1B4F-4153-AEA0-E6F4DB7A99B0}
		{AEE5C2A3-EE65-42B7-AF96-7ACF4193CA8A} = {8F162B97-1B4F-4153-AEA0-E6F4DB7A99B0}
		{CC97EE8A-BAA4-4D6E-833D-20B8DC0C84A4} = {352E1C61-219C-44DF-B7FC-D8078690662F}
		{C39FC844-280A-4B90-A081-C207C5B60F70} = {352E1C61-219C-44DF-B7FC-D8078690662F}
		{AC09BAA5-3AB0-4265-85D3-CB01376787C8} = {352E1C61-219C-44DF-B7FC-D8078690662F}
		{94C1CC97-6B52-4465-8057-F232A91F0889} = {DCB503DC-3754-4748-938A-F7D27876748F}
		{F77D8FE4-0951-4082-B2E0-EB0B48D2DAEF} = {DCB503DC-3754-4748-938A-F7D27876748F}
		{23D0D19F-5C6C-4229-AAF0-34939D618485} = {DCB503DC-3754-4748-938A-F7D27876748F}
		{A858F8E7-0776-42AF-AF79-B65D3AC4D539} = {7CCACA03-D91D-4831-9D0B-D82AB26E093F}
		{92D4DAC4-6D8F-4549-A46C-1E4A7BB01284} = {7CCACA03-D91D-4831-9D0B-D82AB26E093F}
		{11F48737-1A34-4782-93BA-8E7FCF2D1A7F} = {7CCACA03-D91D-4831-9D0B-D82AB26E093F}
		{58C1416F-5984-43F5-ABD5-007716AA8863} = {B965DD86-EF77-4B7D-A0E9-96267AF21C95}
		{B81C1E13-2066-4EA6-A030-D2A196889A3D} = {B965DD86-EF77-4B7D-A0E9-96267AF21C95}
		{72BCB094-612D-499E-AF27-3802BB5EB8A9} = {B965DD86-EF77-4B7D-A0E9-96267AF21C95}
		{DB13100D-137E-41FA-9F14-AD420D1FF476} = {0B0C1BDD-D76A-4DBD-A81C-0367D1371683}
		{BDC01CD9-C17F-4DC6-A6DC-1FFBD5C8A03D} = {0B0C1BDD-D76A-4DBD-A81C-0367D1371683}
		{8E203596-D96B-44AC-B1EA-AB1A877CCEEC} = {0B0C1BDD-D76A-4DBD-A81C-0367D1371683}
	EndGlobalSection
	GlobalSection(ExtensibilityGlobals) = postSolution
		SolutionGuid = {7B371C25-02C9-4B7C-8529-D599C10AF438}
	EndGlobalSection
EndGlobal
